
Microsoft Visual Studio Solution File, Format Version 12.00
# Visual Studio Version 17
VisualStudioVersion = 17.2.32210.308
MinimumVisualStudioVersion = 10.0.40219.1
Project("{9A19103F-16F7-4668-BE54-9A1E7A4F7556}") = "PhetchBlazorDemo", "samples\PhetchBlazorDemo\PhetchBlazorDemo.csproj", "{D02BE3B4-5217-4D30-853D-D0BCBC2694F0}"
EndProject
Project("{9A19103F-16F7-4668-BE54-9A1E7A4F7556}") = "Phetch", "src\Phetch\Phetch.csproj", "{01365911-83BF-4206-8956-CF5B84FFDE44}"
EndProject
Project("{2150E333-8FDC-42A3-9474-1A3956D46DE8}") = "Solution Items", "Solution Items", "{8D6D6C9A-40AF-4BDA-AC76-A146E7F117D6}"
	ProjectSection(SolutionItems) = preProject
		.editorconfig = .editorconfig
		README.md = README.md
	EndProjectSection
EndProject
Project("{9A19103F-16F7-4668-BE54-9A1E7A4F7556}") = "Phetch.Tests", "test\Phetch.Tests\Phetch.Tests.csproj", "{298B16C5-6AB6-4CB1-A263-F157FC2D8E41}"
EndProject
Project("{9A19103F-16F7-4668-BE54-9A1E7A4F7556}") = "Phetch.Blazor", "src\Phetch.Blazor\Phetch.Blazor.csproj", "{93BF1454-0250-4678-929F-8B3F842CE2A7}"
EndProject
Project("{9A19103F-16F7-4668-BE54-9A1E7A4F7556}") = "HackerNewsClient", "samples\HackerNewsClient\HackerNewsClient.csproj", "{9F157853-311E-49B0-9C39-CF8F7B53538F}"
EndProject
Global
	GlobalSection(SolutionConfigurationPlatforms) = preSolution
		Debug|Any CPU = Debug|Any CPU
		Release|Any CPU = Release|Any CPU
	EndGlobalSection
	GlobalSection(ProjectConfigurationPlatforms) = postSolution
		{D02BE3B4-5217-4D30-853D-D0BCBC2694F0}.Debug|Any CPU.ActiveCfg = Debug|Any CPU
		{D02BE3B4-5217-4D30-853D-D0BCBC2694F0}.Debug|Any CPU.Build.0 = Debug|Any CPU
		{D02BE3B4-5217-4D30-853D-D0BCBC2694F0}.Release|Any CPU.ActiveCfg = Release|Any CPU
		{D02BE3B4-5217-4D30-853D-D0BCBC2694F0}.Release|Any CPU.Build.0 = Release|Any CPU
		{01365911-83BF-4206-8956-CF5B84FFDE44}.Debug|Any CPU.ActiveCfg = Debug|Any CPU
		{01365911-83BF-4206-8956-CF5B84FFDE44}.Debug|Any CPU.Build.0 = Debug|Any CPU
		{01365911-83BF-4206-8956-CF5B84FFDE44}.Release|Any CPU.ActiveCfg = Release|Any CPU
		{01365911-83BF-4206-8956-CF5B84FFDE44}.Release|Any CPU.Build.0 = Release|Any CPU
		{298B16C5-6AB6-4CB1-A263-F157FC2D8E41}.Debug|Any CPU.ActiveCfg = Debug|Any CPU
		{298B16C5-6AB6-4CB1-A263-F157FC2D8E41}.Debug|Any CPU.Build.0 = Debug|Any CPU
		{298B16C5-6AB6-4CB1-A263-F157FC2D8E41}.Release|Any CPU.ActiveCfg = Release|Any CPU
		{298B16C5-6AB6-4CB1-A263-F157FC2D8E41}.Release|Any CPU.Build.0 = Release|Any CPU
		{93BF1454-0250-4678-929F-8B3F842CE2A7}.Debug|Any CPU.ActiveCfg = Debug|Any CPU
		{93BF1454-0250-4678-929F-8B3F842CE2A7}.Debug|Any CPU.Build.0 = Debug|Any CPU
		{93BF1454-0250-4678-929F-8B3F842CE2A7}.Release|Any CPU.ActiveCfg = Release|Any CPU
		{93BF1454-0250-4678-929F-8B3F842CE2A7}.Release|Any CPU.Build.0 = Release|Any CPU
		{9F157853-311E-49B0-9C39-CF8F7B53538F}.Debug|Any CPU.ActiveCfg = Debug|Any CPU
		{9F157853-311E-49B0-9C39-CF8F7B53538F}.Debug|Any CPU.Build.0 = Debug|Any CPU
		{9F157853-311E-49B0-9C39-CF8F7B53538F}.Release|Any CPU.ActiveCfg = Release|Any CPU
		{9F157853-311E-49B0-9C39-CF8F7B53538F}.Release|Any CPU.Build.0 = Release|Any CPU
	EndGlobalSection
	GlobalSection(SolutionProperties) = preSolution
		HideSolutionNode = FALSE
	EndGlobalSection
	GlobalSection(ExtensibilityGlobals) = postSolution
		SolutionGuid = {161BAF7F-403E-4D5C-95C7-8DF1A9CD2D1D}
	EndGlobalSection
EndGlobal
